
Microsoft Visual Studio Solution File, Format Version 12.00
# Visual Studio Version 17
VisualStudioVersion = 17.2.32616.157
MinimumVisualStudioVersion = 10.0.40219.1
Project("{8BC9CEB8-8B4A-11D0-8D11-00A0C91BC942}") = "Project2 冒泡排序", "Project2 冒泡排序.vcxproj", "{469DF091-4B89-4F9F-B151-B9FCD09436D4}"
EndProject
Global
	GlobalSection(SolutionConfigurationPlatforms) = preSolution
		Debug|x64 = Debug|x64
		Debug|x86 = Debug|x86
		Release|x64 = Release|x64
		Release|x86 = Release|x86
	EndGlobalSection
	GlobalSection(ProjectConfigurationPlatforms) = postSolution
		{469DF091-4B89-4F9F-B151-B9FCD09436D4}.Debug|x64.ActiveCfg = Debug|x64
		{469DF091-4B89-4F9F-B151-B9FCD09436D4}.Debug|x64.Build.0 = Debug|x64
		{469DF091-4B89-4F9F-B151-B9FCD09436D4}.Debug|x86.ActiveCfg = Debug|Win32
		{469DF091-4B89-4F9F-B151-B9FCD09436D4}.Debug|x86.Build.0 = Debug|Win32
		{469DF091-4B89-4F9F-B151-B9FCD09436D4}.Release|x64.ActiveCfg = Release|x64
		{469DF091-4B89-4F9F-B151-B9FCD09436D4}.Release|x64.Build.0 = Release|x64
		{469DF091-4B89-4F9F-B151-B9FCD09436D4}.Release|x86.ActiveCfg = Release|Win32
		{469DF091-4B89-4F9F-B151-B9FCD09436D4}.Release|x86.Build.0 = Release|Win32
	EndGlobalSection
	GlobalSection(SolutionProperties) = preSolution
		HideSolutionNode = FALSE
	EndGlobalSection
	GlobalSection(ExtensibilityGlobals) = postSolution
		SolutionGuid = {19C3E88A-98D0-4AE4-888D-073B5D0F1E3B}
	EndGlobalSection
EndGlobal
